# THIS IS AN AUTOGENERATED FILE. DO NOT EDIT THIS FILE DIRECTLY.
# yarn lockfile v1


"@directus/sdk@^16.0.1":
  version "16.0.1"
  resolved "https://registry.yarnpkg.com/@directus/sdk/-/sdk-16.0.1.tgz#571f1080e463a4c3a9ab93591754454d0e15795a"
  integrity sha512-tG9J5uBxJlzB8yoXv6Gin9PhxOoYKXsGEfr4LBNJ+jlFoqPmwlNOManJnUTqGbpNlGxH/7qv3CJyvZUXvo5hoA==
  dependencies:
    "@directus/system-data" "1.0.3"

"@directus/system-data@1.0.3":
  version "1.0.3"
  resolved "https://registry.yarnpkg.com/@directus/system-data/-/system-data-1.0.3.tgz#adcf83817c40412951d8d134e1c99c3ddb76619f"
  integrity sha512-Dr7w2RZiX3/+kBOLqz8KkMHXmDhzVVraaK+CLQNgsB1FOxotuegyWfQxTi+YvDhH9gEs8/yZZBKeyQetcTQfSg==
